
Microsoft Visual Studio Solution File, Format Version 12.00
# Visual Studio Version 16
VisualStudioVersion = 16.0.30330.147
MinimumVisualStudioVersion = 10.0.40219.1
Project("{FAE04EC0-301F-11D3-BF4B-00C04F79EFBC}") = "BattleshipApi", "BattleshipApi\BattleshipApi.csproj", "{608CD00D-CF63-4BBA-A64E-01C35B5F871F}"
EndProject
Global
	GlobalSection(SolutionConfigurationPlatforms) = preSolution
		Debug|Any CPU = Debug|Any CPU
		Release|Any CPU = Release|Any CPU
	EndGlobalSection
	GlobalSection(ProjectConfigurationPlatforms) = postSolution
		{608CD00D-CF63-4BBA-A64E-01C35B5F871F}.Debug|Any CPU.ActiveCfg = Debug|Any CPU
		{608CD00D-CF63-4BBA-A64E-01C35B5F871F}.Debug|Any CPU.Build.0 = Debug|Any CPU
		{608CD00D-CF63-4BBA-A64E-01C35B5F871F}.Release|Any CPU.ActiveCfg = Release|Any CPU
		{608CD00D-CF63-4BBA-A64E-01C35B5F871F}.Release|Any CPU.Build.0 = Release|Any CPU
	EndGlobalSection
	GlobalSection(SolutionProperties) = preSolution
		HideSolutionNode = FALSE
	EndGlobalSection
	GlobalSection(ExtensibilityGlobals) = postSolution
		SolutionGuid = {E6306090-C9DF-4E3C-895F-1A8A21BC456E}
	EndGlobalSection
EndGlobal
