
Microsoft Visual Studio Solution File, Format Version 12.00
# Visual Studio Version 16
VisualStudioVersion = 16.0.30330.147
MinimumVisualStudioVersion = 10.0.40219.1
Project("{FAE04EC0-301F-11D3-BF4B-00C04F79EFBC}") = "BattleshipConsoleApp", "BattleshipConsoleApp\BattleshipConsoleApp.csproj", "{291B010F-747F-4AA5-8D5D-86729421931D}"
EndProject
Project("{FAE04EC0-301F-11D3-BF4B-00C04F79EFBC}") = "BattleshipShared", "..\..\03-Shared\BattleshipShared\BattleshipShared.csproj", "{C2CDCF27-946A-442A-AD28-7106687FE5A2}"
EndProject
Global
	GlobalSection(SolutionConfigurationPlatforms) = preSolution
		Debug|Any CPU = Debug|Any CPU
		Release|Any CPU = Release|Any CPU
	EndGlobalSection
	GlobalSection(ProjectConfigurationPlatforms) = postSolution
		{291B010F-747F-4AA5-8D5D-86729421931D}.Debug|Any CPU.ActiveCfg = Debug|Any CPU
		{291B010F-747F-4AA5-8D5D-86729421931D}.Debug|Any CPU.Build.0 = Debug|Any CPU
		{291B010F-747F-4AA5-8D5D-86729421931D}.Release|Any CPU.ActiveCfg = Release|Any CPU
		{291B010F-747F-4AA5-8D5D-86729421931D}.Release|Any CPU.Build.0 = Release|Any CPU
		{C2CDCF27-946A-442A-AD28-7106687FE5A2}.Debug|Any CPU.ActiveCfg = Debug|Any CPU
		{C2CDCF27-946A-442A-AD28-7106687FE5A2}.Debug|Any CPU.Build.0 = Debug|Any CPU
		{C2CDCF27-946A-442A-AD28-7106687FE5A2}.Release|Any CPU.ActiveCfg = Release|Any CPU
		{C2CDCF27-946A-442A-AD28-7106687FE5A2}.Release|Any CPU.Build.0 = Release|Any CPU
	EndGlobalSection
	GlobalSection(SolutionProperties) = preSolution
		HideSolutionNode = FALSE
	EndGlobalSection
	GlobalSection(ExtensibilityGlobals) = postSolution
		SolutionGuid = {434CC042-C656-4632-A2D9-0AC8A39F3CD6}
	EndGlobalSection
EndGlobal
